
Microsoft Visual Studio Solution File, Format Version 12.00
# Visual Studio 15
VisualStudioVersion = 15.0.26124.0
MinimumVisualStudioVersion = 15.0.26124.0
Project("{2150E333-8FDC-42A3-9474-1A3956D46DE8}") = "common", "common", "{44F0CD08-0EAF-40F8-A2C4-C5195F0F299A}"
EndProject
Project("{FAE04EC0-301F-11D3-BF4B-00C04F79EFBC}") = "com.mh.common", "common\com.mh.common\com.mh.common.csproj", "{58C9D47B-6E42-45A8-A482-060E71ECA2FE}"
EndProject
Project("{2150E333-8FDC-42A3-9474-1A3956D46DE8}") = "domain", "domain", "{CFD0195E-5786-4B7F-B4C0-5B11E16F7CED}"
EndProject
Project("{FAE04EC0-301F-11D3-BF4B-00C04F79EFBC}") = "com.mh.contract", "domain\com.mh.contract\com.mh.contract.csproj", "{CBF3B9ED-3EE6-4F5B-B1DA-4CAAC6BA0680}"
EndProject
Project("{FAE04EC0-301F-11D3-BF4B-00C04F79EFBC}") = "com.mh.mongo", "domain\com.mh.mongo\com.mh.mongo.csproj", "{BCC1813D-45DA-46FA-B0B8-AA838E42F9A4}"
EndProject
Project("{FAE04EC0-301F-11D3-BF4B-00C04F79EFBC}") = "com.mh.service", "domain\com.mh.service\com.mh.service.csproj", "{79BA7BD9-2170-44D3-99DF-AAEA53AB9679}"
EndProject
Project("{2150E333-8FDC-42A3-9474-1A3956D46DE8}") = "dataGather", "dataGather", "{92458EB8-8946-4DA2-9473-50EBD1DEF492}"
EndProject
Project("{FAE04EC0-301F-11D3-BF4B-00C04F79EFBC}") = "com.mh.dataengine", "dataGather\com.mh.dataengine\com.mh.dataengine.csproj", "{BBA5B938-1943-40D0-A316-CC80038719CB}"
EndProject
Project("{FAE04EC0-301F-11D3-BF4B-00C04F79EFBC}") = "com.mh.iservice", "domain\com.mh.iservice\com.mh.iservice.csproj", "{294191C0-4DE1-4A1D-A32A-E56B660BB8FA}"
EndProject
Project("{FAE04EC0-301F-11D3-BF4B-00C04F79EFBC}") = "com.mh.service.search", "domain\com.mh.service.search\com.mh.service.search.csproj", "{7975D9CF-86F0-484C-B349-7A4A669DD044}"
EndProject
Project("{FAE04EC0-301F-11D3-BF4B-00C04F79EFBC}") = "com.mh.service.third", "domain\com.mh.service.third\com.mh.service.third.csproj", "{63AAC1CF-E45B-45CC-87B8-7F9F6586B489}"
EndProject
Project("{FAE04EC0-301F-11D3-BF4B-00C04F79EFBC}") = "com.mh.ef", "domain\com.mh.ef\com.mh.ef.csproj", "{D1416DFC-CD98-4447-9368-E24E4DE82EE3}"
EndProject
Project("{FAE04EC0-301F-11D3-BF4B-00C04F79EFBC}") = "com.mh.test", "dataGather\com.mh.test\com.mh.test.csproj", "{CABF300A-5A11-415A-AE21-26EF43684BDA}"
EndProject
Project("{FAE04EC0-301F-11D3-BF4B-00C04F79EFBC}") = "com.mh.mysql", "domain\com.mh.mysql\com.mh.mysql.csproj", "{0D5CA561-79CF-42CC-8519-89D29185B032}"
EndProject
Project("{FAE04EC0-301F-11D3-BF4B-00C04F79EFBC}") = "com.mh.model", "domain\com.mh.model\com.mh.model.csproj", "{0B3E1BBD-6FAC-4A29-A494-8A7DAC2F59CD}"
EndProject
Project("{FAE04EC0-301F-11D3-BF4B-00C04F79EFBC}") = "com.mh.dataengine.iservice", "dataGather\com.mh.dataengine.iservice\com.mh.dataengine.iservice.csproj", "{96C95DE4-6550-4D0F-BBF3-1E3E3439B626}"
EndProject
Project("{FAE04EC0-301F-11D3-BF4B-00C04F79EFBC}") = "com.mh.dataengine.service.transport", "dataGather\com.mh.dataengine.service.transport\com.mh.dataengine.service.transport.csproj", "{50D3FAC6-7C0B-4D92-89F0-67785649E4D4}"
EndProject
Project("{FAE04EC0-301F-11D3-BF4B-00C04F79EFBC}") = "com.mh.dataengine.service.transform", "dataGather\com.mh.dataengine.service.transform\com.mh.dataengine.service.transform.csproj", "{FA697D63-5B02-40D9-BA60-8965B3D15372}"
EndProject
Project("{FAE04EC0-301F-11D3-BF4B-00C04F79EFBC}") = "com.mh.dataengine.common", "dataGather\com.mh.dataengine.common\com.mh.dataengine.common.csproj", "{B78A8524-12C9-4693-9A18-A1A14B803195}"
EndProject
Project("{FAE04EC0-301F-11D3-BF4B-00C04F79EFBC}") = "com.mh.rabbit", "domain\com.mh.rabbit\com.mh.rabbit.csproj", "{0512F616-AA33-4C9B-AEF9-A55319790E29}"
EndProject
Global
	GlobalSection(SolutionConfigurationPlatforms) = preSolution
		Debug|Any CPU = Debug|Any CPU
		Debug|x64 = Debug|x64
		Debug|x86 = Debug|x86
		Release|Any CPU = Release|Any CPU
		Release|x64 = Release|x64
		Release|x86 = Release|x86
	EndGlobalSection
	GlobalSection(SolutionProperties) = preSolution
		HideSolutionNode = FALSE
	EndGlobalSection
	GlobalSection(ProjectConfigurationPlatforms) = postSolution
		{58C9D47B-6E42-45A8-A482-060E71ECA2FE}.Debug|Any CPU.ActiveCfg = Debug|Any CPU
		{58C9D47B-6E42-45A8-A482-060E71ECA2FE}.Debug|Any CPU.Build.0 = Debug|Any CPU
		{58C9D47B-6E42-45A8-A482-060E71ECA2FE}.Debug|x64.ActiveCfg = Debug|x64
		{58C9D47B-6E42-45A8-A482-060E71ECA2FE}.Debug|x64.Build.0 = Debug|x64
		{58C9D47B-6E42-45A8-A482-060E71ECA2FE}.Debug|x86.ActiveCfg = Debug|x86
		{58C9D47B-6E42-45A8-A482-060E71ECA2FE}.Debug|x86.Build.0 = Debug|x86
		{58C9D47B-6E42-45A8-A482-060E71ECA2FE}.Release|Any CPU.ActiveCfg = Release|Any CPU
		{58C9D47B-6E42-45A8-A482-060E71ECA2FE}.Release|Any CPU.Build.0 = Release|Any CPU
		{58C9D47B-6E42-45A8-A482-060E71ECA2FE}.Release|x64.ActiveCfg = Release|x64
		{58C9D47B-6E42-45A8-A482-060E71ECA2FE}.Release|x64.Build.0 = Release|x64
		{58C9D47B-6E42-45A8-A482-060E71ECA2FE}.Release|x86.ActiveCfg = Release|x86
		{58C9D47B-6E42-45A8-A482-060E71ECA2FE}.Release|x86.Build.0 = Release|x86
		{CBF3B9ED-3EE6-4F5B-B1DA-4CAAC6BA0680}.Debug|Any CPU.ActiveCfg = Debug|Any CPU
		{CBF3B9ED-3EE6-4F5B-B1DA-4CAAC6BA0680}.Debug|Any CPU.Build.0 = Debug|Any CPU
		{CBF3B9ED-3EE6-4F5B-B1DA-4CAAC6BA0680}.Debug|x64.ActiveCfg = Debug|x64
		{CBF3B9ED-3EE6-4F5B-B1DA-4CAAC6BA0680}.Debug|x64.Build.0 = Debug|x64
		{CBF3B9ED-3EE6-4F5B-B1DA-4CAAC6BA0680}.Debug|x86.ActiveCfg = Debug|x86
		{CBF3B9ED-3EE6-4F5B-B1DA-4CAAC6BA0680}.Debug|x86.Build.0 = Debug|x86
		{CBF3B9ED-3EE6-4F5B-B1DA-4CAAC6BA0680}.Release|Any CPU.ActiveCfg = Release|Any CPU
		{CBF3B9ED-3EE6-4F5B-B1DA-4CAAC6BA0680}.Release|Any CPU.Build.0 = Release|Any CPU
		{CBF3B9ED-3EE6-4F5B-B1DA-4CAAC6BA0680}.Release|x64.ActiveCfg = Release|x64
		{CBF3B9ED-3EE6-4F5B-B1DA-4CAAC6BA0680}.Release|x64.Build.0 = Release|x64
		{CBF3B9ED-3EE6-4F5B-B1DA-4CAAC6BA0680}.Release|x86.ActiveCfg = Release|x86
		{CBF3B9ED-3EE6-4F5B-B1DA-4CAAC6BA0680}.Release|x86.Build.0 = Release|x86
		{BCC1813D-45DA-46FA-B0B8-AA838E42F9A4}.Debug|Any CPU.ActiveCfg = Debug|Any CPU
		{BCC1813D-45DA-46FA-B0B8-AA838E42F9A4}.Debug|Any CPU.Build.0 = Debug|Any CPU
		{BCC1813D-45DA-46FA-B0B8-AA838E42F9A4}.Debug|x64.ActiveCfg = Debug|x64
		{BCC1813D-45DA-46FA-B0B8-AA838E42F9A4}.Debug|x64.Build.0 = Debug|x64
		{BCC1813D-45DA-46FA-B0B8-AA838E42F9A4}.Debug|x86.ActiveCfg = Debug|x86
		{BCC1813D-45DA-46FA-B0B8-AA838E42F9A4}.Debug|x86.Build.0 = Debug|x86
		{BCC1813D-45DA-46FA-B0B8-AA838E42F9A4}.Release|Any CPU.ActiveCfg = Release|Any CPU
		{BCC1813D-45DA-46FA-B0B8-AA838E42F9A4}.Release|Any CPU.Build.0 = Release|Any CPU
		{BCC1813D-45DA-46FA-B0B8-AA838E42F9A4}.Release|x64.ActiveCfg = Release|x64
		{BCC1813D-45DA-46FA-B0B8-AA838E42F9A4}.Release|x64.Build.0 = Release|x64
		{BCC1813D-45DA-46FA-B0B8-AA838E42F9A4}.Release|x86.ActiveCfg = Release|x86
		{BCC1813D-45DA-46FA-B0B8-AA838E42F9A4}.Release|x86.Build.0 = Release|x86
		{79BA7BD9-2170-44D3-99DF-AAEA53AB9679}.Debug|Any CPU.ActiveCfg = Debug|Any CPU
		{79BA7BD9-2170-44D3-99DF-AAEA53AB9679}.Debug|Any CPU.Build.0 = Debug|Any CPU
		{79BA7BD9-2170-44D3-99DF-AAEA53AB9679}.Debug|x64.ActiveCfg = Debug|x64
		{79BA7BD9-2170-44D3-99DF-AAEA53AB9679}.Debug|x64.Build.0 = Debug|x64
		{79BA7BD9-2170-44D3-99DF-AAEA53AB9679}.Debug|x86.ActiveCfg = Debug|x86
		{79BA7BD9-2170-44D3-99DF-AAEA53AB9679}.Debug|x86.Build.0 = Debug|x86
		{79BA7BD9-2170-44D3-99DF-AAEA53AB9679}.Release|Any CPU.ActiveCfg = Release|Any CPU
		{79BA7BD9-2170-44D3-99DF-AAEA53AB9679}.Release|Any CPU.Build.0 = Release|Any CPU
		{79BA7BD9-2170-44D3-99DF-AAEA53AB9679}.Release|x64.ActiveCfg = Release|x64
		{79BA7BD9-2170-44D3-99DF-AAEA53AB9679}.Release|x64.Build.0 = Release|x64
		{79BA7BD9-2170-44D3-99DF-AAEA53AB9679}.Release|x86.ActiveCfg = Release|x86
		{79BA7BD9-2170-44D3-99DF-AAEA53AB9679}.Release|x86.Build.0 = Release|x86
		{BBA5B938-1943-40D0-A316-CC80038719CB}.Debug|Any CPU.ActiveCfg = Debug|Any CPU
		{BBA5B938-1943-40D0-A316-CC80038719CB}.Debug|Any CPU.Build.0 = Debug|Any CPU
		{BBA5B938-1943-40D0-A316-CC80038719CB}.Debug|x64.ActiveCfg = Debug|x64
		{BBA5B938-1943-40D0-A316-CC80038719CB}.Debug|x64.Build.0 = Debug|x64
		{BBA5B938-1943-40D0-A316-CC80038719CB}.Debug|x86.ActiveCfg = Debug|x86
		{BBA5B938-1943-40D0-A316-CC80038719CB}.Debug|x86.Build.0 = Debug|x86
		{BBA5B938-1943-40D0-A316-CC80038719CB}.Release|Any CPU.ActiveCfg = Release|Any CPU
		{BBA5B938-1943-40D0-A316-CC80038719CB}.Release|Any CPU.Build.0 = Release|Any CPU
		{BBA5B938-1943-40D0-A316-CC80038719CB}.Release|x64.ActiveCfg = Release|x64
		{BBA5B938-1943-40D0-A316-CC80038719CB}.Release|x64.Build.0 = Release|x64
		{BBA5B938-1943-40D0-A316-CC80038719CB}.Release|x86.ActiveCfg = Release|x86
		{BBA5B938-1943-40D0-A316-CC80038719CB}.Release|x86.Build.0 = Release|x86
		{294191C0-4DE1-4A1D-A32A-E56B660BB8FA}.Debug|Any CPU.ActiveCfg = Debug|Any CPU
		{294191C0-4DE1-4A1D-A32A-E56B660BB8FA}.Debug|Any CPU.Build.0 = Debug|Any CPU
		{294191C0-4DE1-4A1D-A32A-E56B660BB8FA}.Debug|x64.ActiveCfg = Debug|x64
		{294191C0-4DE1-4A1D-A32A-E56B660BB8FA}.Debug|x64.Build.0 = Debug|x64
		{294191C0-4DE1-4A1D-A32A-E56B660BB8FA}.Debug|x86.ActiveCfg = Debug|x86
		{294191C0-4DE1-4A1D-A32A-E56B660BB8FA}.Debug|x86.Build.0 = Debug|x86
		{294191C0-4DE1-4A1D-A32A-E56B660BB8FA}.Release|Any CPU.ActiveCfg = Release|Any CPU
		{294191C0-4DE1-4A1D-A32A-E56B660BB8FA}.Release|Any CPU.Build.0 = Release|Any CPU
		{294191C0-4DE1-4A1D-A32A-E56B660BB8FA}.Release|x64.ActiveCfg = Release|x64
		{294191C0-4DE1-4A1D-A32A-E56B660BB8FA}.Release|x64.Build.0 = Release|x64
		{294191C0-4DE1-4A1D-A32A-E56B660BB8FA}.Release|x86.ActiveCfg = Release|x86
		{294191C0-4DE1-4A1D-A32A-E56B660BB8FA}.Release|x86.Build.0 = Release|x86
		{7975D9CF-86F0-484C-B349-7A4A669DD044}.Debug|Any CPU.ActiveCfg = Debug|Any CPU
		{7975D9CF-86F0-484C-B349-7A4A669DD044}.Debug|Any CPU.Build.0 = Debug|Any CPU
		{7975D9CF-86F0-484C-B349-7A4A669DD044}.Debug|x64.ActiveCfg = Debug|x64
		{7975D9CF-86F0-484C-B349-7A4A669DD044}.Debug|x64.Build.0 = Debug|x64
		{7975D9CF-86F0-484C-B349-7A4A669DD044}.Debug|x86.ActiveCfg = Debug|x86
		{7975D9CF-86F0-484C-B349-7A4A669DD044}.Debug|x86.Build.0 = Debug|x86
		{7975D9CF-86F0-484C-B349-7A4A669DD044}.Release|Any CPU.ActiveCfg = Release|Any CPU
		{7975D9CF-86F0-484C-B349-7A4A669DD044}.Release|Any CPU.Build.0 = Release|Any CPU
		{7975D9CF-86F0-484C-B349-7A4A669DD044}.Release|x64.ActiveCfg = Release|x64
		{7975D9CF-86F0-484C-B349-7A4A669DD044}.Release|x64.Build.0 = Release|x64
		{7975D9CF-86F0-484C-B349-7A4A669DD044}.Release|x86.ActiveCfg = Release|x86
		{7975D9CF-86F0-484C-B349-7A4A669DD044}.Release|x86.Build.0 = Release|x86
		{63AAC1CF-E45B-45CC-87B8-7F9F6586B489}.Debug|Any CPU.ActiveCfg = Debug|Any CPU
		{63AAC1CF-E45B-45CC-87B8-7F9F6586B489}.Debug|Any CPU.Build.0 = Debug|Any CPU
		{63AAC1CF-E45B-45CC-87B8-7F9F6586B489}.Debug|x64.ActiveCfg = Debug|x64
		{63AAC1CF-E45B-45CC-87B8-7F9F6586B489}.Debug|x64.Build.0 = Debug|x64
		{63AAC1CF-E45B-45CC-87B8-7F9F6586B489}.Debug|x86.ActiveCfg = Debug|x86
		{63AAC1CF-E45B-45CC-87B8-7F9F6586B489}.Debug|x86.Build.0 = Debug|x86
		{63AAC1CF-E45B-45CC-87B8-7F9F6586B489}.Release|Any CPU.ActiveCfg = Release|Any CPU
		{63AAC1CF-E45B-45CC-87B8-7F9F6586B489}.Release|Any CPU.Build.0 = Release|Any CPU
		{63AAC1CF-E45B-45CC-87B8-7F9F6586B489}.Release|x64.ActiveCfg = Release|x64
		{63AAC1CF-E45B-45CC-87B8-7F9F6586B489}.Release|x64.Build.0 = Release|x64
		{63AAC1CF-E45B-45CC-87B8-7F9F6586B489}.Release|x86.ActiveCfg = Release|x86
		{63AAC1CF-E45B-45CC-87B8-7F9F6586B489}.Release|x86.Build.0 = Release|x86
		{D1416DFC-CD98-4447-9368-E24E4DE82EE3}.Debug|Any CPU.ActiveCfg = Debug|Any CPU
		{D1416DFC-CD98-4447-9368-E24E4DE82EE3}.Debug|Any CPU.Build.0 = Debug|Any CPU
		{D1416DFC-CD98-4447-9368-E24E4DE82EE3}.Debug|x64.ActiveCfg = Debug|x64
		{D1416DFC-CD98-4447-9368-E24E4DE82EE3}.Debug|x64.Build.0 = Debug|x64
		{D1416DFC-CD98-4447-9368-E24E4DE82EE3}.Debug|x86.ActiveCfg = Debug|x86
		{D1416DFC-CD98-4447-9368-E24E4DE82EE3}.Debug|x86.Build.0 = Debug|x86
		{D1416DFC-CD98-4447-9368-E24E4DE82EE3}.Release|Any CPU.ActiveCfg = Release|Any CPU
		{D1416DFC-CD98-4447-9368-E24E4DE82EE3}.Release|Any CPU.Build.0 = Release|Any CPU
		{D1416DFC-CD98-4447-9368-E24E4DE82EE3}.Release|x64.ActiveCfg = Release|x64
		{D1416DFC-CD98-4447-9368-E24E4DE82EE3}.Release|x64.Build.0 = Release|x64
		{D1416DFC-CD98-4447-9368-E24E4DE82EE3}.Release|x86.ActiveCfg = Release|x86
		{D1416DFC-CD98-4447-9368-E24E4DE82EE3}.Release|x86.Build.0 = Release|x86
		{CABF300A-5A11-415A-AE21-26EF43684BDA}.Debug|Any CPU.ActiveCfg = Debug|Any CPU
		{CABF300A-5A11-415A-AE21-26EF43684BDA}.Debug|Any CPU.Build.0 = Debug|Any CPU
		{CABF300A-5A11-415A-AE21-26EF43684BDA}.Debug|x64.ActiveCfg = Debug|x64
		{CABF300A-5A11-415A-AE21-26EF43684BDA}.Debug|x64.Build.0 = Debug|x64
		{CABF300A-5A11-415A-AE21-26EF43684BDA}.Debug|x86.ActiveCfg = Debug|x86
		{CABF300A-5A11-415A-AE21-26EF43684BDA}.Debug|x86.Build.0 = Debug|x86
		{CABF300A-5A11-415A-AE21-26EF43684BDA}.Release|Any CPU.ActiveCfg = Release|Any CPU
		{CABF300A-5A11-415A-AE21-26EF43684BDA}.Release|Any CPU.Build.0 = Release|Any CPU
		{CABF300A-5A11-415A-AE21-26EF43684BDA}.Release|x64.ActiveCfg = Release|x64
		{CABF300A-5A11-415A-AE21-26EF43684BDA}.Release|x64.Build.0 = Release|x64
		{CABF300A-5A11-415A-AE21-26EF43684BDA}.Release|x86.ActiveCfg = Release|x86
		{CABF300A-5A11-415A-AE21-26EF43684BDA}.Release|x86.Build.0 = Release|x86
		{0D5CA561-79CF-42CC-8519-89D29185B032}.Debug|Any CPU.ActiveCfg = Debug|Any CPU
		{0D5CA561-79CF-42CC-8519-89D29185B032}.Debug|Any CPU.Build.0 = Debug|Any CPU
		{0D5CA561-79CF-42CC-8519-89D29185B032}.Debug|x64.ActiveCfg = Debug|x64
		{0D5CA561-79CF-42CC-8519-89D29185B032}.Debug|x64.Build.0 = Debug|x64
		{0D5CA561-79CF-42CC-8519-89D29185B032}.Debug|x86.ActiveCfg = Debug|x86
		{0D5CA561-79CF-42CC-8519-89D29185B032}.Debug|x86.Build.0 = Debug|x86
		{0D5CA561-79CF-42CC-8519-89D29185B032}.Release|Any CPU.ActiveCfg = Release|Any CPU
		{0D5CA561-79CF-42CC-8519-89D29185B032}.Release|Any CPU.Build.0 = Release|Any CPU
		{0D5CA561-79CF-42CC-8519-89D29185B032}.Release|x64.ActiveCfg = Release|x64
		{0D5CA561-79CF-42CC-8519-89D29185B032}.Release|x64.Build.0 = Release|x64
		{0D5CA561-79CF-42CC-8519-89D29185B032}.Release|x86.ActiveCfg = Release|x86
		{0D5CA561-79CF-42CC-8519-89D29185B032}.Release|x86.Build.0 = Release|x86
		{0B3E1BBD-6FAC-4A29-A494-8A7DAC2F59CD}.Debug|Any CPU.ActiveCfg = Debug|Any CPU
		{0B3E1BBD-6FAC-4A29-A494-8A7DAC2F59CD}.Debug|Any CPU.Build.0 = Debug|Any CPU
		{0B3E1BBD-6FAC-4A29-A494-8A7DAC2F59CD}.Debug|x64.ActiveCfg = Debug|x64
		{0B3E1BBD-6FAC-4A29-A494-8A7DAC2F59CD}.Debug|x64.Build.0 = Debug|x64
		{0B3E1BBD-6FAC-4A29-A494-8A7DAC2F59CD}.Debug|x86.ActiveCfg = Debug|x86
		{0B3E1BBD-6FAC-4A29-A494-8A7DAC2F59CD}.Debug|x86.Build.0 = Debug|x86
		{0B3E1BBD-6FAC-4A29-A494-8A7DAC2F59CD}.Release|Any CPU.ActiveCfg = Release|Any CPU
		{0B3E1BBD-6FAC-4A29-A494-8A7DAC2F59CD}.Release|Any CPU.Build.0 = Release|Any CPU
		{0B3E1BBD-6FAC-4A29-A494-8A7DAC2F59CD}.Release|x64.ActiveCfg = Release|x64
		{0B3E1BBD-6FAC-4A29-A494-8A7DAC2F59CD}.Release|x64.Build.0 = Release|x64
		{0B3E1BBD-6FAC-4A29-A494-8A7DAC2F59CD}.Release|x86.ActiveCfg = Release|x86
		{0B3E1BBD-6FAC-4A29-A494-8A7DAC2F59CD}.Release|x86.Build.0 = Release|x86
		{96C95DE4-6550-4D0F-BBF3-1E3E3439B626}.Debug|Any CPU.ActiveCfg = Debug|Any CPU
		{96C95DE4-6550-4D0F-BBF3-1E3E3439B626}.Debug|Any CPU.Build.0 = Debug|Any CPU
		{96C95DE4-6550-4D0F-BBF3-1E3E3439B626}.Debug|x64.ActiveCfg = Debug|x64
		{96C95DE4-6550-4D0F-BBF3-1E3E3439B626}.Debug|x64.Build.0 = Debug|x64
		{96C95DE4-6550-4D0F-BBF3-1E3E3439B626}.Debug|x86.ActiveCfg = Debug|x86
		{96C95DE4-6550-4D0F-BBF3-1E3E3439B626}.Debug|x86.Build.0 = Debug|x86
		{96C95DE4-6550-4D0F-BBF3-1E3E3439B626}.Release|Any CPU.ActiveCfg = Release|Any CPU
		{96C95DE4-6550-4D0F-BBF3-1E3E3439B626}.Release|Any CPU.Build.0 = Release|Any CPU
		{96C95DE4-6550-4D0F-BBF3-1E3E3439B626}.Release|x64.ActiveCfg = Release|x64
		{96C95DE4-6550-4D0F-BBF3-1E3E3439B626}.Release|x64.Build.0 = Release|x64
		{96C95DE4-6550-4D0F-BBF3-1E3E3439B626}.Release|x86.ActiveCfg = Release|x86
		{96C95DE4-6550-4D0F-BBF3-1E3E3439B626}.Release|x86.Build.0 = Release|x86
		{50D3FAC6-7C0B-4D92-89F0-67785649E4D4}.Debug|Any CPU.ActiveCfg = Debug|Any CPU
		{50D3FAC6-7C0B-4D92-89F0-67785649E4D4}.Debug|Any CPU.Build.0 = Debug|Any CPU
		{50D3FAC6-7C0B-4D92-89F0-67785649E4D4}.Debug|x64.ActiveCfg = Debug|x64
		{50D3FAC6-7C0B-4D92-89F0-67785649E4D4}.Debug|x64.Build.0 = Debug|x64
		{50D3FAC6-7C0B-4D92-89F0-67785649E4D4}.Debug|x86.ActiveCfg = Debug|x86
		{50D3FAC6-7C0B-4D92-89F0-67785649E4D4}.Debug|x86.Build.0 = Debug|x86
		{50D3FAC6-7C0B-4D92-89F0-67785649E4D4}.Release|Any CPU.ActiveCfg = Release|Any CPU
		{50D3FAC6-7C0B-4D92-89F0-67785649E4D4}.Release|Any CPU.Build.0 = Release|Any CPU
		{50D3FAC6-7C0B-4D92-89F0-67785649E4D4}.Release|x64.ActiveCfg = Release|x64
		{50D3FAC6-7C0B-4D92-89F0-67785649E4D4}.Release|x64.Build.0 = Release|x64
		{50D3FAC6-7C0B-4D92-89F0-67785649E4D4}.Release|x86.ActiveCfg = Release|x86
		{50D3FAC6-7C0B-4D92-89F0-67785649E4D4}.Release|x86.Build.0 = Release|x86
		{FA697D63-5B02-40D9-BA60-8965B3D15372}.Debug|Any CPU.ActiveCfg = Debug|Any CPU
		{FA697D63-5B02-40D9-BA60-8965B3D15372}.Debug|Any CPU.Build.0 = Debug|Any CPU
		{FA697D63-5B02-40D9-BA60-8965B3D15372}.Debug|x64.ActiveCfg = Debug|x64
		{FA697D63-5B02-40D9-BA60-8965B3D15372}.Debug|x64.Build.0 = Debug|x64
		{FA697D63-5B02-40D9-BA60-8965B3D15372}.Debug|x86.ActiveCfg = Debug|x86
		{FA697D63-5B02-40D9-BA60-8965B3D15372}.Debug|x86.Build.0 = Debug|x86
		{FA697D63-5B02-40D9-BA60-8965B3D15372}.Release|Any CPU.ActiveCfg = Release|Any CPU
		{FA697D63-5B02-40D9-BA60-8965B3D15372}.Release|Any CPU.Build.0 = Release|Any CPU
		{FA697D63-5B02-40D9-BA60-8965B3D15372}.Release|x64.ActiveCfg = Release|x64
		{FA697D63-5B02-40D9-BA60-8965B3D15372}.Release|x64.Build.0 = Release|x64
		{FA697D63-5B02-40D9-BA60-8965B3D15372}.Release|x86.ActiveCfg = Release|x86
		{FA697D63-5B02-40D9-BA60-8965B3D15372}.Release|x86.Build.0 = Release|x86
		{B78A8524-12C9-4693-9A18-A1A14B803195}.Debug|Any CPU.ActiveCfg = Debug|Any CPU
		{B78A8524-12C9-4693-9A18-A1A14B803195}.Debug|Any CPU.Build.0 = Debug|Any CPU
		{B78A8524-12C9-4693-9A18-A1A14B803195}.Debug|x64.ActiveCfg = Debug|x64
		{B78A8524-12C9-4693-9A18-A1A14B803195}.Debug|x64.Build.0 = Debug|x64
		{B78A8524-12C9-4693-9A18-A1A14B803195}.Debug|x86.ActiveCfg = Debug|x86
		{B78A8524-12C9-4693-9A18-A1A14B803195}.Debug|x86.Build.0 = Debug|x86
		{B78A8524-12C9-4693-9A18-A1A14B803195}.Release|Any CPU.ActiveCfg = Release|Any CPU
		{B78A8524-12C9-4693-9A18-A1A14B803195}.Release|Any CPU.Build.0 = Release|Any CPU
		{B78A8524-12C9-4693-9A18-A1A14B803195}.Release|x64.ActiveCfg = Release|x64
		{B78A8524-12C9-4693-9A18-A1A14B803195}.Release|x64.Build.0 = Release|x64
		{B78A8524-12C9-4693-9A18-A1A14B803195}.Release|x86.ActiveCfg = Release|x86
		{B78A8524-12C9-4693-9A18-A1A14B803195}.Release|x86.Build.0 = Release|x86
		{0512F616-AA33-4C9B-AEF9-A55319790E29}.Debug|Any CPU.ActiveCfg = Debug|Any CPU
		{0512F616-AA33-4C9B-AEF9-A55319790E29}.Debug|Any CPU.Build.0 = Debug|Any CPU
		{0512F616-AA33-4C9B-AEF9-A55319790E29}.Debug|x64.ActiveCfg = Debug|x64
		{0512F616-AA33-4C9B-AEF9-A55319790E29}.Debug|x64.Build.0 = Debug|x64
		{0512F616-AA33-4C9B-AEF9-A55319790E29}.Debug|x86.ActiveCfg = Debug|x86
		{0512F616-AA33-4C9B-AEF9-A55319790E29}.Debug|x86.Build.0 = Debug|x86
		{0512F616-AA33-4C9B-AEF9-A55319790E29}.Release|Any CPU.ActiveCfg = Release|Any CPU
		{0512F616-AA33-4C9B-AEF9-A55319790E29}.Release|Any CPU.Build.0 = Release|Any CPU
		{0512F616-AA33-4C9B-AEF9-A55319790E29}.Release|x64.ActiveCfg = Release|x64
		{0512F616-AA33-4C9B-AEF9-A55319790E29}.Release|x64.Build.0 = Release|x64
		{0512F616-AA33-4C9B-AEF9-A55319790E29}.Release|x86.ActiveCfg = Release|x86
		{0512F616-AA33-4C9B-AEF9-A55319790E29}.Release|x86.Build.0 = Release|x86
	EndGlobalSection
	GlobalSection(NestedProjects) = preSolution
		{58C9D47B-6E42-45A8-A482-060E71ECA2FE} = {44F0CD08-0EAF-40F8-A2C4-C5195F0F299A}
		{CBF3B9ED-3EE6-4F5B-B1DA-4CAAC6BA0680} = {CFD0195E-5786-4B7F-B4C0-5B11E16F7CED}
		{BCC1813D-45DA-46FA-B0B8-AA838E42F9A4} = {CFD0195E-5786-4B7F-B4C0-5B11E16F7CED}
		{79BA7BD9-2170-44D3-99DF-AAEA53AB9679} = {CFD0195E-5786-4B7F-B4C0-5B11E16F7CED}
		{BBA5B938-1943-40D0-A316-CC80038719CB} = {92458EB8-8946-4DA2-9473-50EBD1DEF492}
		{294191C0-4DE1-4A1D-A32A-E56B660BB8FA} = {CFD0195E-5786-4B7F-B4C0-5B11E16F7CED}
		{7975D9CF-86F0-484C-B349-7A4A669DD044} = {CFD0195E-5786-4B7F-B4C0-5B11E16F7CED}
		{63AAC1CF-E45B-45CC-87B8-7F9F6586B489} = {CFD0195E-5786-4B7F-B4C0-5B11E16F7CED}
		{D1416DFC-CD98-4447-9368-E24E4DE82EE3} = {CFD0195E-5786-4B7F-B4C0-5B11E16F7CED}
		{CABF300A-5A11-415A-AE21-26EF43684BDA} = {92458EB8-8946-4DA2-9473-50EBD1DEF492}
		{0D5CA561-79CF-42CC-8519-89D29185B032} = {CFD0195E-5786-4B7F-B4C0-5B11E16F7CED}
		{0B3E1BBD-6FAC-4A29-A494-8A7DAC2F59CD} = {CFD0195E-5786-4B7F-B4C0-5B11E16F7CED}
		{96C95DE4-6550-4D0F-BBF3-1E3E3439B626} = {92458EB8-8946-4DA2-9473-50EBD1DEF492}
		{50D3FAC6-7C0B-4D92-89F0-67785649E4D4} = {92458EB8-8946-4DA2-9473-50EBD1DEF492}
		{FA697D63-5B02-40D9-BA60-8965B3D15372} = {92458EB8-8946-4DA2-9473-50EBD1DEF492}
		{B78A8524-12C9-4693-9A18-A1A14B803195} = {92458EB8-8946-4DA2-9473-50EBD1DEF492}
		{0512F616-AA33-4C9B-AEF9-A55319790E29} = {CFD0195E-5786-4B7F-B4C0-5B11E16F7CED}
	EndGlobalSection
EndGlobal
