
Microsoft Visual Studio Solution File, Format Version 12.00
# Visual Studio 14
VisualStudioVersion = 14.0.25123.0
MinimumVisualStudioVersion = 10.0.40219.1
Project("{2150E333-8FDC-42A3-9474-1A3956D46DE8}") = "web", "web", "{98B1780C-9534-4D58-AB9D-206B09884C3D}"
EndProject
Project("{2150E333-8FDC-42A3-9474-1A3956D46DE8}") = "common", "common", "{16653E8C-73DA-4042-99E8-AD922F0A3031}"
EndProject
Project("{2150E333-8FDC-42A3-9474-1A3956D46DE8}") = "server", "server", "{979080A8-71CD-4503-8058-5000A2024165}"
EndProject
Project("{2150E333-8FDC-42A3-9474-1A3956D46DE8}") = "winserver", "winserver", "{44E27010-D30E-484B-9226-19C65DED607A}"
EndProject
Project("{FAE04EC0-301F-11D3-BF4B-00C04F79EFBC}") = "com.wx.consumer", "winserver\com.wx.consumer\com.wx.consumer.csproj", "{0F807662-2CA5-4532-834C-1184DEC66DC3}"
EndProject
Project("{FAE04EC0-301F-11D3-BF4B-00C04F79EFBC}") = "com.wx.listener", "web\com.wx.listener\com.wx.listener.csproj", "{BD3BF7C1-D991-4B2B-B59A-27004AEEF764}"
EndProject
Project("{FAE04EC0-301F-11D3-BF4B-00C04F79EFBC}") = "com.wx.common", "common\com.wx.common\com.wx.common.csproj", "{D0FCCCA3-567D-46DF-AF95-1E24BCFFBEEE}"
EndProject
Project("{FAE04EC0-301F-11D3-BF4B-00C04F79EFBC}") = "com.wx.ioc", "common\com.wx.ioc\com.wx.ioc.csproj", "{61CB86C4-70EE-4886-A20F-06C7CCCC00C1}"
EndProject
Project("{FAE04EC0-301F-11D3-BF4B-00C04F79EFBC}") = "com.wx.weixin", "server\com.wx.weixin\com.wx.weixin.csproj", "{5F6C2162-32BA-469B-B3B4-6CCB4EF8907E}"
EndProject
Project("{FAE04EC0-301F-11D3-BF4B-00C04F79EFBC}") = "com.wx.shop", "web\com.wx.shop\com.wx.shop.csproj", "{37958E30-EB78-4AA8-877D-C81CB86BE798}"
EndProject
Project("{FAE04EC0-301F-11D3-BF4B-00C04F79EFBC}") = "UnitTestProject1", "test\UnitTestProject1\UnitTestProject1.csproj", "{828F14C0-9FD3-4D32-8E96-132DEC126F2C}"
EndProject
Project("{FAE04EC0-301F-11D3-BF4B-00C04F79EFBC}") = "com.wx.sqldb", "server\com.wx.sqldb\com.wx.sqldb.csproj", "{2C271C28-6D11-4B1E-A09B-7697A89B2821}"
EndProject
Project("{FAE04EC0-301F-11D3-BF4B-00C04F79EFBC}") = "com.wx.mq", "server\com.wx.mq\com.wx.mq.csproj", "{A4405EBE-5A67-4FF7-B205-F93B3FF1E12B}"
EndProject
Project("{FAE04EC0-301F-11D3-BF4B-00C04F79EFBC}") = "com.wx.message", "server\com.wx.message\com.wx.message.csproj", "{2CF2A5BC-1993-4BA8-BB98-AB0CD7C54A05}"
EndProject
Project("{FAE04EC0-301F-11D3-BF4B-00C04F79EFBC}") = "com.wx.redis", "server\com.wx.redis\com.wx.redis.csproj", "{EA350DAA-5325-4966-AA29-4B96D4588986}"
EndProject
Project("{FAE04EC0-301F-11D3-BF4B-00C04F79EFBC}") = "com.wx.web", "web\com.wx.web\com.wx.web.csproj", "{BE142BFC-905D-4728-A02B-9F77C59396D3}"
	ProjectSection(ProjectDependencies) = postProject
		{A4405EBE-5A67-4FF7-B205-F93B3FF1E12B} = {A4405EBE-5A67-4FF7-B205-F93B3FF1E12B}
	EndProjectSection
EndProject
Project("{FAE04EC0-301F-11D3-BF4B-00C04F79EFBC}") = "com.wx.service", "server\com.wx.service\com.wx.service.csproj", "{09384EDD-A59C-4D07-ABBD-80868E8B7D7A}"
EndProject
Project("{FAE04EC0-301F-11D3-BF4B-00C04F79EFBC}") = "com.wx.api", "common\com.wx.api\com.wx.api.csproj", "{5F7A2EDC-1DF4-4FB3-9FD1-01760A764F38}"
EndProject
Project("{FAE04EC0-301F-11D3-BF4B-00C04F79EFBC}") = "com.wx.imgs", "web\com.wx.imgs\com.wx.imgs.csproj", "{5C7C1B28-BFB6-4628-BF23-74478D54A45D}"
EndProject
Project("{FAE04EC0-301F-11D3-BF4B-00C04F79EFBC}") = "com.wx.domain", "common\com.wx.domain\com.wx.domain.csproj", "{3E93F030-7EF0-433E-A898-5FD797C46E8C}"
EndProject
Project("{FAE04EC0-301F-11D3-BF4B-00C04F79EFBC}") = "com.wx.mongo", "server\com.wx.mongo\com.wx.mongo.csproj", "{91416AAF-D811-4CF4-BBD1-D7A848DC0FD2}"
EndProject
Project("{FAE04EC0-301F-11D3-BF4B-00C04F79EFBC}") = "com.wx.onetime", "winserver\com.wx.onetime\com.wx.onetime.csproj", "{9B30A00F-F7BB-4962-B0AE-FF07EBD13529}"
EndProject
Global
	GlobalSection(SolutionConfigurationPlatforms) = preSolution
		Debug|Any CPU = Debug|Any CPU
		Release|Any CPU = Release|Any CPU
	EndGlobalSection
	GlobalSection(ProjectConfigurationPlatforms) = postSolution
		{0F807662-2CA5-4532-834C-1184DEC66DC3}.Debug|Any CPU.ActiveCfg = Debug|Any CPU
		{0F807662-2CA5-4532-834C-1184DEC66DC3}.Debug|Any CPU.Build.0 = Debug|Any CPU
		{0F807662-2CA5-4532-834C-1184DEC66DC3}.Release|Any CPU.ActiveCfg = Release|Any CPU
		{0F807662-2CA5-4532-834C-1184DEC66DC3}.Release|Any CPU.Build.0 = Release|Any CPU
		{BD3BF7C1-D991-4B2B-B59A-27004AEEF764}.Debug|Any CPU.ActiveCfg = Debug|Any CPU
		{BD3BF7C1-D991-4B2B-B59A-27004AEEF764}.Debug|Any CPU.Build.0 = Debug|Any CPU
		{BD3BF7C1-D991-4B2B-B59A-27004AEEF764}.Release|Any CPU.ActiveCfg = Release|Any CPU
		{BD3BF7C1-D991-4B2B-B59A-27004AEEF764}.Release|Any CPU.Build.0 = Release|Any CPU
		{D0FCCCA3-567D-46DF-AF95-1E24BCFFBEEE}.Debug|Any CPU.ActiveCfg = Debug|Any CPU
		{D0FCCCA3-567D-46DF-AF95-1E24BCFFBEEE}.Debug|Any CPU.Build.0 = Debug|Any CPU
		{D0FCCCA3-567D-46DF-AF95-1E24BCFFBEEE}.Release|Any CPU.ActiveCfg = Release|Any CPU
		{D0FCCCA3-567D-46DF-AF95-1E24BCFFBEEE}.Release|Any CPU.Build.0 = Release|Any CPU
		{61CB86C4-70EE-4886-A20F-06C7CCCC00C1}.Debug|Any CPU.ActiveCfg = Debug|Any CPU
		{61CB86C4-70EE-4886-A20F-06C7CCCC00C1}.Debug|Any CPU.Build.0 = Debug|Any CPU
		{61CB86C4-70EE-4886-A20F-06C7CCCC00C1}.Release|Any CPU.ActiveCfg = Release|Any CPU
		{61CB86C4-70EE-4886-A20F-06C7CCCC00C1}.Release|Any CPU.Build.0 = Release|Any CPU
		{5F6C2162-32BA-469B-B3B4-6CCB4EF8907E}.Debug|Any CPU.ActiveCfg = Debug|Any CPU
		{5F6C2162-32BA-469B-B3B4-6CCB4EF8907E}.Debug|Any CPU.Build.0 = Debug|Any CPU
		{5F6C2162-32BA-469B-B3B4-6CCB4EF8907E}.Release|Any CPU.ActiveCfg = Release|Any CPU
		{5F6C2162-32BA-469B-B3B4-6CCB4EF8907E}.Release|Any CPU.Build.0 = Release|Any CPU
		{37958E30-EB78-4AA8-877D-C81CB86BE798}.Debug|Any CPU.ActiveCfg = Debug|Any CPU
		{37958E30-EB78-4AA8-877D-C81CB86BE798}.Debug|Any CPU.Build.0 = Debug|Any CPU
		{37958E30-EB78-4AA8-877D-C81CB86BE798}.Release|Any CPU.ActiveCfg = Release|Any CPU
		{37958E30-EB78-4AA8-877D-C81CB86BE798}.Release|Any CPU.Build.0 = Release|Any CPU
		{828F14C0-9FD3-4D32-8E96-132DEC126F2C}.Debug|Any CPU.ActiveCfg = Debug|Any CPU
		{828F14C0-9FD3-4D32-8E96-132DEC126F2C}.Debug|Any CPU.Build.0 = Debug|Any CPU
		{828F14C0-9FD3-4D32-8E96-132DEC126F2C}.Release|Any CPU.ActiveCfg = Release|Any CPU
		{828F14C0-9FD3-4D32-8E96-132DEC126F2C}.Release|Any CPU.Build.0 = Release|Any CPU
		{2C271C28-6D11-4B1E-A09B-7697A89B2821}.Debug|Any CPU.ActiveCfg = Debug|Any CPU
		{2C271C28-6D11-4B1E-A09B-7697A89B2821}.Debug|Any CPU.Build.0 = Debug|Any CPU
		{2C271C28-6D11-4B1E-A09B-7697A89B2821}.Release|Any CPU.ActiveCfg = Release|Any CPU
		{2C271C28-6D11-4B1E-A09B-7697A89B2821}.Release|Any CPU.Build.0 = Release|Any CPU
		{A4405EBE-5A67-4FF7-B205-F93B3FF1E12B}.Debug|Any CPU.ActiveCfg = Debug|Any CPU
		{A4405EBE-5A67-4FF7-B205-F93B3FF1E12B}.Debug|Any CPU.Build.0 = Debug|Any CPU
		{A4405EBE-5A67-4FF7-B205-F93B3FF1E12B}.Debug|Any CPU.Deploy.0 = Debug|Any CPU
		{A4405EBE-5A67-4FF7-B205-F93B3FF1E12B}.Release|Any CPU.ActiveCfg = Release|Any CPU
		{A4405EBE-5A67-4FF7-B205-F93B3FF1E12B}.Release|Any CPU.Build.0 = Release|Any CPU
		{2CF2A5BC-1993-4BA8-BB98-AB0CD7C54A05}.Debug|Any CPU.ActiveCfg = Debug|Any CPU
		{2CF2A5BC-1993-4BA8-BB98-AB0CD7C54A05}.Debug|Any CPU.Build.0 = Debug|Any CPU
		{2CF2A5BC-1993-4BA8-BB98-AB0CD7C54A05}.Release|Any CPU.ActiveCfg = Release|Any CPU
		{2CF2A5BC-1993-4BA8-BB98-AB0CD7C54A05}.Release|Any CPU.Build.0 = Release|Any CPU
		{EA350DAA-5325-4966-AA29-4B96D4588986}.Debug|Any CPU.ActiveCfg = Debug|Any CPU
		{EA350DAA-5325-4966-AA29-4B96D4588986}.Debug|Any CPU.Build.0 = Debug|Any CPU
		{EA350DAA-5325-4966-AA29-4B96D4588986}.Release|Any CPU.ActiveCfg = Release|Any CPU
		{EA350DAA-5325-4966-AA29-4B96D4588986}.Release|Any CPU.Build.0 = Release|Any CPU
		{BE142BFC-905D-4728-A02B-9F77C59396D3}.Debug|Any CPU.ActiveCfg = Debug|Any CPU
		{BE142BFC-905D-4728-A02B-9F77C59396D3}.Debug|Any CPU.Build.0 = Debug|Any CPU
		{BE142BFC-905D-4728-A02B-9F77C59396D3}.Release|Any CPU.ActiveCfg = Release|Any CPU
		{BE142BFC-905D-4728-A02B-9F77C59396D3}.Release|Any CPU.Build.0 = Release|Any CPU
		{09384EDD-A59C-4D07-ABBD-80868E8B7D7A}.Debug|Any CPU.ActiveCfg = Debug|Any CPU
		{09384EDD-A59C-4D07-ABBD-80868E8B7D7A}.Debug|Any CPU.Build.0 = Debug|Any CPU
		{09384EDD-A59C-4D07-ABBD-80868E8B7D7A}.Release|Any CPU.ActiveCfg = Release|Any CPU
		{09384EDD-A59C-4D07-ABBD-80868E8B7D7A}.Release|Any CPU.Build.0 = Release|Any CPU
		{5F7A2EDC-1DF4-4FB3-9FD1-01760A764F38}.Debug|Any CPU.ActiveCfg = Debug|Any CPU
		{5F7A2EDC-1DF4-4FB3-9FD1-01760A764F38}.Debug|Any CPU.Build.0 = Debug|Any CPU
		{5F7A2EDC-1DF4-4FB3-9FD1-01760A764F38}.Release|Any CPU.ActiveCfg = Release|Any CPU
		{5F7A2EDC-1DF4-4FB3-9FD1-01760A764F38}.Release|Any CPU.Build.0 = Release|Any CPU
		{5C7C1B28-BFB6-4628-BF23-74478D54A45D}.Debug|Any CPU.ActiveCfg = Debug|Any CPU
		{5C7C1B28-BFB6-4628-BF23-74478D54A45D}.Debug|Any CPU.Build.0 = Debug|Any CPU
		{5C7C1B28-BFB6-4628-BF23-74478D54A45D}.Release|Any CPU.ActiveCfg = Release|Any CPU
		{5C7C1B28-BFB6-4628-BF23-74478D54A45D}.Release|Any CPU.Build.0 = Release|Any CPU
		{3E93F030-7EF0-433E-A898-5FD797C46E8C}.Debug|Any CPU.ActiveCfg = Debug|Any CPU
		{3E93F030-7EF0-433E-A898-5FD797C46E8C}.Debug|Any CPU.Build.0 = Debug|Any CPU
		{3E93F030-7EF0-433E-A898-5FD797C46E8C}.Release|Any CPU.ActiveCfg = Release|Any CPU
		{3E93F030-7EF0-433E-A898-5FD797C46E8C}.Release|Any CPU.Build.0 = Release|Any CPU
		{91416AAF-D811-4CF4-BBD1-D7A848DC0FD2}.Debug|Any CPU.ActiveCfg = Debug|Any CPU
		{91416AAF-D811-4CF4-BBD1-D7A848DC0FD2}.Debug|Any CPU.Build.0 = Debug|Any CPU
		{91416AAF-D811-4CF4-BBD1-D7A848DC0FD2}.Release|Any CPU.ActiveCfg = Release|Any CPU
		{91416AAF-D811-4CF4-BBD1-D7A848DC0FD2}.Release|Any CPU.Build.0 = Release|Any CPU
		{9B30A00F-F7BB-4962-B0AE-FF07EBD13529}.Debug|Any CPU.ActiveCfg = Debug|Any CPU
		{9B30A00F-F7BB-4962-B0AE-FF07EBD13529}.Debug|Any CPU.Build.0 = Debug|Any CPU
		{9B30A00F-F7BB-4962-B0AE-FF07EBD13529}.Release|Any CPU.ActiveCfg = Release|Any CPU
		{9B30A00F-F7BB-4962-B0AE-FF07EBD13529}.Release|Any CPU.Build.0 = Release|Any CPU
	EndGlobalSection
	GlobalSection(SolutionProperties) = preSolution
		HideSolutionNode = FALSE
	EndGlobalSection
	GlobalSection(NestedProjects) = preSolution
		{0F807662-2CA5-4532-834C-1184DEC66DC3} = {44E27010-D30E-484B-9226-19C65DED607A}
		{BD3BF7C1-D991-4B2B-B59A-27004AEEF764} = {98B1780C-9534-4D58-AB9D-206B09884C3D}
		{D0FCCCA3-567D-46DF-AF95-1E24BCFFBEEE} = {16653E8C-73DA-4042-99E8-AD922F0A3031}
		{61CB86C4-70EE-4886-A20F-06C7CCCC00C1} = {16653E8C-73DA-4042-99E8-AD922F0A3031}
		{5F6C2162-32BA-469B-B3B4-6CCB4EF8907E} = {979080A8-71CD-4503-8058-5000A2024165}
		{37958E30-EB78-4AA8-877D-C81CB86BE798} = {98B1780C-9534-4D58-AB9D-206B09884C3D}
		{2C271C28-6D11-4B1E-A09B-7697A89B2821} = {979080A8-71CD-4503-8058-5000A2024165}
		{A4405EBE-5A67-4FF7-B205-F93B3FF1E12B} = {979080A8-71CD-4503-8058-5000A2024165}
		{2CF2A5BC-1993-4BA8-BB98-AB0CD7C54A05} = {979080A8-71CD-4503-8058-5000A2024165}
		{EA350DAA-5325-4966-AA29-4B96D4588986} = {979080A8-71CD-4503-8058-5000A2024165}
		{BE142BFC-905D-4728-A02B-9F77C59396D3} = {98B1780C-9534-4D58-AB9D-206B09884C3D}
		{09384EDD-A59C-4D07-ABBD-80868E8B7D7A} = {979080A8-71CD-4503-8058-5000A2024165}
		{5F7A2EDC-1DF4-4FB3-9FD1-01760A764F38} = {16653E8C-73DA-4042-99E8-AD922F0A3031}
		{5C7C1B28-BFB6-4628-BF23-74478D54A45D} = {98B1780C-9534-4D58-AB9D-206B09884C3D}
		{3E93F030-7EF0-433E-A898-5FD797C46E8C} = {16653E8C-73DA-4042-99E8-AD922F0A3031}
		{91416AAF-D811-4CF4-BBD1-D7A848DC0FD2} = {979080A8-71CD-4503-8058-5000A2024165}
		{9B30A00F-F7BB-4962-B0AE-FF07EBD13529} = {44E27010-D30E-484B-9226-19C65DED607A}
	EndGlobalSection
EndGlobal
